// !$*UTF8*$!
{
	archiveVersion = 1;
	classes = {
	};
	objectVersion = 48;
	objects = {

/* Begin PBXBuildFile section */
		F2A232C220223DF90099F871 /* AppDelegate.swift in Sources */ = {isa = PBXBuildFile; fileRef = F2A232C120223DF90099F871 /* AppDelegate.swift */; };
		F2A232C420223DF90099F871 /* ViewController.swift in Sources */ = {isa = PBXBuildFile; fileRef = F2A232C320223DF90099F871 /* ViewController.swift */; };
		F2A232C720223DF90099F871 /* Main.storyboard in Resources */ = {isa = PBXBuildFile; fileRef = F2A232C520223DF90099F871 /* Main.storyboard */; };
		F2A232CA20223DF90099F871 /* Optavi.xcdatamodeld in Sources */ = {isa = PBXBuildFile; fileRef = F2A232C820223DF90099F871 /* Optavi.xcdatamodeld */; };
		F2A232CC20223DF90099F871 /* Assets.xcassets in Resources */ = {isa = PBXBuildFile; fileRef = F2A232CB20223DF90099F871 /* Assets.xcassets */; };
		F2A232CF20223DF90099F871 /* LaunchScreen.storyboard in Resources */ = {isa = PBXBuildFile; fileRef = F2A232CD20223DF90099F871 /* LaunchScreen.storyboard */; };
/* End PBXBuildFile section */

/* Begin PBXFileReference section */
		F2A232BE20223DF90099F871 /* Optavi.app */ = {isa = PBXFileReference; explicitFileType = wrapper.application; includeInIndex = 0; path = Optavi.app; sourceTree = BUILT_PRODUCTS_DIR; };
		F2A232C120223DF90099F871 /* AppDelegate.swift */ = {isa = PBXFileReference; lastKnownFileType = sourcecode.swift; path = AppDelegate.swift; sourceTree = "<group>"; };
		F2A232C320223DF90099F871 /* ViewController.swift */ = {isa = PBXFileReference; lastKnownFileType = sourcecode.swift; path = ViewController.swift; sourceTree = "<group>"; };
		F2A232C620223DF90099F871 /* Base */ = {isa = PBXFileReference; lastKnownFileType = file.storyboard; name = Base; path = Base.lproj/Main.storyboard; sourceTree = "<group>"; };
		F2A232C920223DF90099F871 /* Optavi.xcdatamodel */ = {isa = PBXFileReference; lastKnownFileType = wrapper.xcdatamodel; path = Optavi.xcdatamodel; sourceTree = "<group>"; };
		F2A232CB20223DF90099F871 /* Assets.xcassets */ = {isa = PBXFileReference; lastKnownFileType = folder.assetcatalog; path = Assets.xcassets; sourceTree = "<group>"; };
		F2A232CE20223DF90099F871 /* Base */ = {isa = PBXFileReference; lastKnownFileType = file.storyboard; name = Base; path = Base.lproj/LaunchScreen.storyboard; sourceTree = "<group>"; };
		F2A232D020223DF90099F871 /* Info.plist */ = {isa = PBXFileReference; lastKnownFileType = text.plist.xml; path = Info.plist; sourceTree = "<group>"; };
/* End PBXFileReference section */

/* Begin PBXFrameworksBuildPhase section */
		F2A232BB20223DF90099F871 /* Frameworks */ = {
			isa = PBXFrameworksBuildPhase;
			buildActionMask = 2147483647;
			files = (
			);
			runOnlyForDeploymentPostprocessing = 0;
		};
/* End PBXFrameworksBuildPhase section */

/* Begin PBXGroup section */
		F2A232B520223DF90099F871 = {
			isa = PBXGroup;
			children = (
				F2A232C020223DF90099F871 /* Optavi */,
				F2A232BF20223DF90099F871 /* Products */,
			);
			sourceTree = "<group>";
		};
		F2A232BF20223DF90099F871 /* Products */ = {
			isa = PBXGroup;
			children = (
				F2A232BE20223DF90099F871 /* Optavi.app */,
			);
			name = Products;
			sourceTree = "<group>";
		};
		F2A232C020223DF90099F871 /* Optavi */ = {
			isa = PBXGroup;
			children = (
				F2A232C120223DF90099F871 /* AppDelegate.swift */,
				F2A232C320223DF90099F871 /* ViewController.swift */,
				F2A232C520223DF90099F871 /* Main.storyboard */,
				F2A232CB20223DF90099F871 /* Assets.xcassets */,
				F2A232CD20223DF90099F871 /* LaunchScreen.storyboard */,
				F2A232D020223DF90099F871 /* Info.plist */,
				F2A232C820223DF90099F871 /* Optavi.xcdatamodeld */,
			);
			path = Optavi;
			sourceTree = "<group>";
		};
/* End PBXGroup section */

/* Begin PBXNativeTarget section */
		F2A232BD20223DF90099F871 /* Optavi */ = {
			isa = PBXNativeTarget;
			buildConfigurationList = F2A232D320223DF90099F871 /* Build configuration list for PBXNativeTarget "Optavi" */;
			buildPhases = (
				F2A232BA20223DF90099F871 /* Sources */,
				F2A232BB20223DF90099F871 /* Frameworks */,
				F2A232BC20223DF90099F871 /* Resources */,
			);
			buildRules = (
			);
			dependencies = (
			);
			name = Optavi;
			productName = Optavi;
			productReference = F2A232BE20223DF90099F871 /* Optavi.app */;
			productType = "com.apple.product-type.application";
		};
/* End PBXNativeTarget section */

/* Begin PBXProject section */
		F2A232B620223DF90099F871 /* Project object */ = {
			isa = PBXProject;
			attributes = {
				LastSwiftUpdateCheck = 0920;
				LastUpgradeCheck = 0920;
				ORGANIZATIONNAME = shabibi;
				TargetAttributes = {
					F2A232BD20223DF90099F871 = {
						CreatedOnToolsVersion = 9.2;
						ProvisioningStyle = Automatic;
					};
				};
			};
			buildConfigurationList = F2A232B920223DF90099F871 /* Build configuration list for PBXProject "Optavi" */;
			compatibilityVersion = "Xcode 8.0";
			developmentRegion = en;
			hasScannedForEncodings = 0;
			knownRegions = (
				en,
				Base,
			);
			mainGroup = F2A232B520223DF90099F871;
			productRefGroup = F2A232BF20223DF90099F871 /* Products */;
			projectDirPath = "";
			projectRoot = "";
			targets = (
				F2A232BD20223DF90099F871 /* Optavi */,
			);
		};
/* End PBXProject section */

/* Begin PBXResourcesBuildPhase section */
		F2A232BC20223DF90099F871 /* Resources */ = {
			isa = PBXResourcesBuildPhase;
			buildActionMask = 2147483647;
			files = (
				F2A232CF20223DF90099F871 /* LaunchScreen.storyboard in Resources */,
				F2A232CC20223DF90099F871 /* Assets.xcassets in Resources */,
				F2A232C720223DF90099F871 /* Main.storyboard in Resources */,
			);
			runOnlyForDeploymentPostprocessing = 0;
		};
/* End PBXResourcesBuildPhase section */

/* Begin PBXSourcesBuildPhase section */
		F2A232BA20223DF90099F871 /* Sources */ = {
			isa = PBXSourcesBuildPhase;
			buildActionMask = 2147483647;
			files = (
				F2A232C420223DF90099F871 /* ViewController.swift in Sources */,
				F2A232CA20223DF90099F871 /* Optavi.xcdatamodeld in Sources */,
				F2A232C220223DF90099F871 /* AppDelegate.swift in Sources */,
			);
			runOnlyForDeploymentPostprocessing = 0;
		};
/* End PBXSourcesBuildPhase section */

/* Begin PBXVariantGroup section */
		F2A232C520223DF90099F871 /* Main.storyboard */ = {
			isa = PBXVariantGroup;
			children = (
				F2A232C620223DF90099F871 /* Base */,
			);
			name = Main.storyboard;
			sourceTree = "<group>";
		};
		F2A232CD20223DF90099F871 /* LaunchScreen.storyboard */ = {
			isa = PBXVariantGroup;
			children = (
				F2A232CE20223DF90099F871 /* Base */,
			);
			name = LaunchScreen.storyboard;
			sourceTree = "<group>";
		};
/* End PBXVariantGroup section */

/* Begin XCBuildConfiguration section */
		F2A232D120223DF90099F871 /* Debug */ = {
			isa = XCBuildConfiguration;
			buildSettings = {
				ALWAYS_SEARCH_USER_PATHS = NO;
				CLANG_ANALYZER_NONNULL = YES;
				CLANG_ANALYZER_NUMBER_OBJECT_CONVERSION = YES_AGGRESSIVE;
				CLANG_CXX_LANGUAGE_STANDARD = "gnu++14";
				CLANG_CXX_LIBRARY = "libc++";
				CLANG_ENABLE_MODULES = YES;
				CLANG_ENABLE_OBJC_ARC = YES;
				CLANG_WARN_BLOCK_CAPTURE_AUTORELEASING = YES;
				CLANG_WARN_BOOL_CONVERSION = YES;
				CLANG_WARN_COMMA = YES;
				CLANG_WARN_CONSTANT_CONVERSION = YES;
				CLANG_WARN_DIRECT_OBJC_ISA_USAGE = YES_ERROR;
				CLANG_WARN_DOCUMENTATION_COMMENTS = YES;
				CLANG_WARN_EMPTY_BODY = YES;
				CLANG_WARN_ENUM_CONVERSION = YES;
				CLANG_WARN_INFINITE_RECURSION = YES;
				CLANG_WARN_INT_CONVERSION = YES;
				CLANG_WARN_NON_LITERAL_NULL_CONVERSION = YES;
				CLANG_WARN_OBJC_LITERAL_CONVERSION = YES;
				CLANG_WARN_OBJC_ROOT_CLASS = YES_ERROR;
				CLANG_WARN_RANGE_LOOP_ANALYSIS = YES;
				CLANG_WARN_STRICT_PROTOTYPES = YES;
				CLANG_WARN_SUSPICIOUS_MOVE = YES;
				CLANG_WARN_UNGUARDED_AVAILABILITY = YES_AGGRESSIVE;
				CLANG_WARN_UNREACHABLE_CODE = YES;
				CLANG_WARN__DUPLICATE_METHOD_MATCH = YES;
				CODE_SIGN_IDENTITY = "iPhone Developer";
				COPY_PHASE_STRIP = NO;
				DEBUG_INFORMATION_FORMAT = dwarf;
				ENABLE_STRICT_OBJC_MSGSEND = YES;
				ENABLE_TESTABILITY = YES;
				GCC_C_LANGUAGE_STANDARD = gnu11;
				GCC_DYNAMIC_NO_PIC = NO;
				GCC_NO_COMMON_BLOCKS = YES;
				GCC_OPTIMIZATION_LEVEL = 0;
				GCC_PREPROCESSOR_DEFINITIONS = (
					"DEBUG=1",
					"$(inherited)",
				);
				GCC_WARN_64_TO_32_BIT_CONVERSION = YES;
				GCC_WARN_ABOUT_RETURN_TYPE = YES_ERROR;
				GCC_WARN_UNDECLARED_SELECTOR = YES;
				GCC_WARN_UNINITIALIZED_AUTOS = YES_AGGRESSIVE;
				GCC_WARN_UNUSED_FUNCTION = YES;
				GCC_WARN_UNUSED_VARIABLE = YES;
				IPHONEOS_DEPLOYMENT_TARGET = 11.2;
				MTL_ENABLE_DEBUG_INFO = YES;
				ONLY_ACTIVE_ARCH = YES;
				SDKROOT = iphoneos;
				SWIFT_ACTIVE_COMPILATION_CONDITIONS = DEBUG;
				SWIFT_OPTIMIZATION_LEVEL = "-Onone";
			};
			name = Debug;
		};
		F2A232D220223DF90099F871 /* Release */ = {
			isa = XCBuildConfiguration;
			buildSettings = {
				ALWAYS_SEARCH_USER_PATHS = NO;
				CLANG_ANALYZER_NONNULL = YES;
				CLANG_ANALYZER_NUMBER_OBJECT_CONVERSION = YES_AGGRESSIVE;
				CLANG_CXX_LANGUAGE_STANDARD = "gnu++14";
				CLANG_CXX_LIBRARY = "libc++";
				CLANG_ENABLE_MODULES = YES;
				CLANG_ENABLE_OBJC_ARC = YES;
				CLANG_WARN_BLOCK_CAPTURE_AUTORELEASING = YES;
				CLANG_WARN_BOOL_CONVERSION = YES;
				CLANG_WARN_COMMA = YES;
				CLANG_WARN_CONSTANT_CONVERSION = YES;
				CLANG_WARN_DIRECT_OBJC_ISA_USAGE = YES_ERROR;
				CLANG_WARN_DOCUMENTATION_COMMENTS = YES;
				CLANG_WARN_EMPTY_BODY = YES;
				CLANG_WARN_ENUM_CONVERSION = YES;
				CLANG_WARN_INFINITE_RECURSION = YES;
				CLANG_WARN_INT_CONVERSION = YES;
				CLANG_WARN_NON_LITERAL_NULL_CONVERSION = YES;
				CLANG_WARN_OBJC_LITERAL_CONVERSION = YES;
				CLANG_WARN_OBJC_ROOT_CLASS = YES_ERROR;
				CLANG_WARN_RANGE_LOOP_ANALYSIS = YES;
				CLANG_WARN_STRICT_PROTOTYPES = YES;
				CLANG_WARN_SUSPICIOUS_MOVE = YES;
				CLANG_WARN_UNGUARDED_AVAILABILITY = YES_AGGRESSIVE;
				CLANG_WARN_UNREACHABLE_CODE = YES;
				CLANG_WARN__DUPLICATE_METHOD_MATCH = YES;
				CODE_SIGN_IDENTITY = "iPhone Developer";
				COPY_PHASE_STRIP = NO;
				DEBUG_INFORMATION_FORMAT = "dwarf-with-dsym";
				ENABLE_NS_ASSERTIONS = NO;
				ENABLE_STRICT_OBJC_MSGSEND = YES;
				GCC_C_LANGUAGE_STANDARD = gnu11;
				GCC_NO_COMMON_BLOCKS = YES;
				GCC_WARN_64_TO_32_BIT_CONVERSION = YES;
				GCC_WARN_ABOUT_RETURN_TYPE = YES_ERROR;
				GCC_WARN_UNDECLARED_SELECTOR = YES;
				GCC_WARN_UNINITIALIZED_AUTOS = YES_AGGRESSIVE;
				GCC_WARN_UNUSED_FUNCTION = YES;
				GCC_WARN_UNUSED_VARIABLE = YES;
				IPHONEOS_DEPLOYMENT_TARGET = 11.2;
				MTL_ENABLE_DEBUG_INFO = NO;
				SDKROOT = iphoneos;
				SWIFT_OPTIMIZATION_LEVEL = "-Owholemodule";
				VALIDATE_PRODUCT = YES;
			};
			name = Release;
		};
		F2A232D420223DF90099F871 /* Debug */ = {
			isa = XCBuildConfiguration;
			buildSettings = {
				ASSETCATALOG_COMPILER_APPICON_NAME = AppIcon;
				CODE_SIGN_STYLE = Automatic;
				DEVELOPMENT_TEAM = UW237Y3M7X;
				INFOPLIST_FILE = Optavi/Info.plist;
				LD_RUNPATH_SEARCH_PATHS = "$(inherited) @executable_path/Frameworks";
				PRODUCT_BUNDLE_IDENTIFIER = com.shabibi.Optavi;
				PRODUCT_NAME = "$(TARGET_NAME)";
				SWIFT_VERSION = 4.0;
				TARGETED_DEVICE_FAMILY = "1,2";
			};
			name = Debug;
		};
		F2A232D520223DF90099F871 /* Release */ = {
			isa = XCBuildConfiguration;
			buildSettings = {
				ASSETCATALOG_COMPILER_APPICON_NAME = AppIcon;
				CODE_SIGN_STYLE = Automatic;
				DEVELOPMENT_TEAM = UW237Y3M7X;
				INFOPLIST_FILE = Optavi/Info.plist;
				LD_RUNPATH_SEARCH_PATHS = "$(inherited) @executable_path/Frameworks";
				PRODUCT_BUNDLE_IDENTIFIER = com.shabibi.Optavi;
				PRODUCT_NAME = "$(TARGET_NAME)";
				SWIFT_VERSION = 4.0;
				TARGETED_DEVICE_FAMILY = "1,2";
			};
			name = Release;
		};
/* End XCBuildConfiguration section */

/* Begin XCConfigurationList section */
		F2A232B920223DF90099F871 /* Build configuration list for PBXProject "Optavi" */ = {
			isa = XCConfigurationList;
			buildConfigurations = (
				F2A232D120223DF90099F871 /* Debug */,
				F2A232D220223DF90099F871 /* Release */,
			);
			defaultConfigurationIsVisible = 0;
			defaultConfigurationName = Release;
		};
		F2A232D320223DF90099F871 /* Build configuration list for PBXNativeTarget "Optavi" */ = {
			isa = XCConfigurationList;
			buildConfigurations = (
				F2A232D420223DF90099F871 /* Debug */,
				F2A232D520223DF90099F871 /* Release */,
			);
			defaultConfigurationIsVisible = 0;
			defaultConfigurationName = Release;
		};
/* End XCConfigurationList section */

/* Begin XCVersionGroup section */
		F2A232C820223DF90099F871 /* Optavi.xcdatamodeld */ = {
			isa = XCVersionGroup;
			children = (
				F2A232C920223DF90099F871 /* Optavi.xcdatamodel */,
			);
			currentVersion = F2A232C920223DF90099F871 /* Optavi.xcdatamodel */;
			path = Optavi.xcdatamodeld;
			sourceTree = "<group>";
			versionGroupType = wrapper.xcdatamodel;
		};
/* End XCVersionGroup section */
	};
	rootObject = F2A232B620223DF90099F871 /* Project object */;
}
